
Microsoft Visual Studio Solution File, Format Version 12.00
# Visual Studio 14
VisualStudioVersion = 14.0.24720.0
MinimumVisualStudioVersion = 10.0.40219.1
Project("{2150E333-8FDC-42A3-9474-1A3956D46DE8}") = "Solution Items", "Solution Items", "{1208E133-F51B-4279-9785-374DB0099DB4}"
	ProjectSection(SolutionItems) = preProject
		.gitignore = .gitignore
		global.json = global.json
		NuGet.Config = NuGet.Config
	EndProjectSection
EndProject
Project("{8BB2217D-0F2D-49D1-97BC-3654ED321F3B}") = "Cygni.Snake.SampleBot", "src\Cygni.Snake.SampleBot\Cygni.Snake.SampleBot.xproj", "{46522102-FD04-4675-BBF6-902BF5CCBFCA}"
EndProject
Project("{8BB2217D-0F2D-49D1-97BC-3654ED321F3B}") = "Cygni.Snake.Client.Tests", "test\Cygni.Snake.Client.Tests\Cygni.Snake.Client.Tests.xproj", "{6E968032-F8EC-433B-97D9-41C591C77654}"
EndProject
Project("{8BB2217D-0F2D-49D1-97BC-3654ED321F3B}") = "Cygni.Snake.Client", "src\Cygni.Snake.Client\Cygni.Snake.Client.xproj", "{1F6290EF-877F-43C4-8243-9F56C13AA47F}"
EndProject
Global
	GlobalSection(SolutionConfigurationPlatforms) = preSolution
		Debug|Any CPU = Debug|Any CPU
		Release|Any CPU = Release|Any CPU
	EndGlobalSection
	GlobalSection(ProjectConfigurationPlatforms) = postSolution
		{46522102-FD04-4675-BBF6-902BF5CCBFCA}.Debug|Any CPU.ActiveCfg = Debug|Any CPU
		{46522102-FD04-4675-BBF6-902BF5CCBFCA}.Debug|Any CPU.Build.0 = Debug|Any CPU
		{46522102-FD04-4675-BBF6-902BF5CCBFCA}.Release|Any CPU.ActiveCfg = Release|Any CPU
		{46522102-FD04-4675-BBF6-902BF5CCBFCA}.Release|Any CPU.Build.0 = Release|Any CPU
		{6E968032-F8EC-433B-97D9-41C591C77654}.Debug|Any CPU.ActiveCfg = Debug|Any CPU
		{6E968032-F8EC-433B-97D9-41C591C77654}.Debug|Any CPU.Build.0 = Debug|Any CPU
		{6E968032-F8EC-433B-97D9-41C591C77654}.Release|Any CPU.ActiveCfg = Release|Any CPU
		{6E968032-F8EC-433B-97D9-41C591C77654}.Release|Any CPU.Build.0 = Release|Any CPU
		{1F6290EF-877F-43C4-8243-9F56C13AA47F}.Debug|Any CPU.ActiveCfg = Debug|Any CPU
		{1F6290EF-877F-43C4-8243-9F56C13AA47F}.Debug|Any CPU.Build.0 = Debug|Any CPU
		{1F6290EF-877F-43C4-8243-9F56C13AA47F}.Release|Any CPU.ActiveCfg = Release|Any CPU
		{1F6290EF-877F-43C4-8243-9F56C13AA47F}.Release|Any CPU.Build.0 = Release|Any CPU
	EndGlobalSection
	GlobalSection(SolutionProperties) = preSolution
		HideSolutionNode = FALSE
	EndGlobalSection
	GlobalSection(NestedProjects) = preSolution
		{46522102-FD04-4675-BBF6-902BF5CCBFCA} = {387B192E-D699-4801-9237-D9042B59569E}
		{6E968032-F8EC-433B-97D9-41C591C77654} = {66A4C6A8-EC0C-4FBC-8B90-2D30004B087F}
		{1F6290EF-877F-43C4-8243-9F56C13AA47F} = {387B192E-D699-4801-9237-D9042B59569E}
	EndGlobalSection
EndGlobal
